
Microsoft Visual Studio Solution File, Format Version 12.00
# Visual Studio Version 18
VisualStudioVersion = 18.4.11620.152
MinimumVisualStudioVersion = 10.0.40219.1
Project("{FAE04EC0-301F-11D3-BF4B-00C04F79EFBC}") = "AppRoleConsole", "AppRoleConsole\AppRoleConsole.csproj", "{897D2B79-241F-4CC9-B16D-04B2A8FF5531}"
EndProject
Project("{FAE04EC0-301F-11D3-BF4B-00C04F79EFBC}") = "Apps_Visual", "Apps_Visual\Apps_Visual.csproj", "{71B7BC45-71CB-4AD3-80D1-511F10688BDF}"
EndProject
Project("{FAE04EC0-301F-11D3-BF4B-00C04F79EFBC}") = "SQLSIVEV", "SQLSIVEV\SQLSIVEV.csproj", "{E6AD831E-F370-4F71-974B-9CB19FEC1E21}"
EndProject
Project("{FAE04EC0-301F-11D3-BF4B-00C04F79EFBC}") = "DPFP_SMA", "H:\Apps C#\Biometria\DPFP_SMA\DPFP_SMA.csproj", "{B5D523C4-F6F9-4E4D-A1E1-FD9B23F58A61}"
EndProject
Project("{FAE04EC0-301F-11D3-BF4B-00C04F79EFBC}") = "FrmComun", "FrmComun\FrmComun.csproj", "{97A769DD-A47A-4A9C-9B32-E0FA371CFEF0}"
EndProject
Project("{FAE04EC0-301F-11D3-BF4B-00C04F79EFBC}") = "Apps_Captura", "Apps_Captura\Apps_Captura.csproj", "{2BFF1F3F-D775-4E6E-A3C5-C8A39288F2A9}"
EndProject
Project("{FAE04EC0-301F-11D3-BF4B-00C04F79EFBC}") = "Apps_Administrativa", "Apps_Administrativa\Apps_Administrativa.csproj", "{9EB3E55D-4819-4613-9AD0-A86353FEC23E}"
EndProject
Project("{FAE04EC0-301F-11D3-BF4B-00C04F79EFBC}") = "Apps_Proveedores", "Apps_Proveedores\Apps_Proveedores.csproj", "{35ED9967-19C7-4AF4-9E70-E5D87A0D6FFD}"
EndProject
Project("{FAE04EC0-301F-11D3-BF4B-00C04F79EFBC}") = "Service_Proveedores", "Service_Proveedores\Service_Proveedores.csproj", "{F4F27362-91B1-4FAF-A4B0-1315B0AD3075}"
EndProject
Project("{FAE04EC0-301F-11D3-BF4B-00C04F79EFBC}") = "Apps_Regedit", "Apps_Regedit\Apps_Regedit.csproj", "{5C6EF090-73F2-4BF2-B155-66BC5CFB43AA}"
EndProject
Global
	GlobalSection(SolutionConfigurationPlatforms) = preSolution
		Debug|Any CPU = Debug|Any CPU
		Release|Any CPU = Release|Any CPU
	EndGlobalSection
	GlobalSection(ProjectConfigurationPlatforms) = postSolution
		{897D2B79-241F-4CC9-B16D-04B2A8FF5531}.Debug|Any CPU.ActiveCfg = Debug|Any CPU
		{897D2B79-241F-4CC9-B16D-04B2A8FF5531}.Debug|Any CPU.Build.0 = Debug|Any CPU
		{897D2B79-241F-4CC9-B16D-04B2A8FF5531}.Release|Any CPU.ActiveCfg = Release|Any CPU
		{897D2B79-241F-4CC9-B16D-04B2A8FF5531}.Release|Any CPU.Build.0 = Release|Any CPU
		{71B7BC45-71CB-4AD3-80D1-511F10688BDF}.Debug|Any CPU.ActiveCfg = Debug|Any CPU
		{71B7BC45-71CB-4AD3-80D1-511F10688BDF}.Debug|Any CPU.Build.0 = Debug|Any CPU
		{71B7BC45-71CB-4AD3-80D1-511F10688BDF}.Release|Any CPU.ActiveCfg = Release|Any CPU
		{71B7BC45-71CB-4AD3-80D1-511F10688BDF}.Release|Any CPU.Build.0 = Release|Any CPU
		{E6AD831E-F370-4F71-974B-9CB19FEC1E21}.Debug|Any CPU.ActiveCfg = Debug|Any CPU
		{E6AD831E-F370-4F71-974B-9CB19FEC1E21}.Debug|Any CPU.Build.0 = Debug|Any CPU
		{E6AD831E-F370-4F71-974B-9CB19FEC1E21}.Release|Any CPU.ActiveCfg = Release|Any CPU
		{E6AD831E-F370-4F71-974B-9CB19FEC1E21}.Release|Any CPU.Build.0 = Release|Any CPU
		{B5D523C4-F6F9-4E4D-A1E1-FD9B23F58A61}.Debug|Any CPU.ActiveCfg = Debug|Any CPU
		{B5D523C4-F6F9-4E4D-A1E1-FD9B23F58A61}.Debug|Any CPU.Build.0 = Debug|Any CPU
		{B5D523C4-F6F9-4E4D-A1E1-FD9B23F58A61}.Release|Any CPU.ActiveCfg = Release|Any CPU
		{B5D523C4-F6F9-4E4D-A1E1-FD9B23F58A61}.Release|Any CPU.Build.0 = Release|Any CPU
		{97A769DD-A47A-4A9C-9B32-E0FA371CFEF0}.Debug|Any CPU.ActiveCfg = Debug|Any CPU
		{97A769DD-A47A-4A9C-9B32-E0FA371CFEF0}.Debug|Any CPU.Build.0 = Debug|Any CPU
		{97A769DD-A47A-4A9C-9B32-E0FA371CFEF0}.Release|Any CPU.ActiveCfg = Release|Any CPU
		{97A769DD-A47A-4A9C-9B32-E0FA371CFEF0}.Release|Any CPU.Build.0 = Release|Any CPU
		{2BFF1F3F-D775-4E6E-A3C5-C8A39288F2A9}.Debug|Any CPU.ActiveCfg = Debug|Any CPU
		{2BFF1F3F-D775-4E6E-A3C5-C8A39288F2A9}.Debug|Any CPU.Build.0 = Debug|Any CPU
		{2BFF1F3F-D775-4E6E-A3C5-C8A39288F2A9}.Release|Any CPU.ActiveCfg = Release|Any CPU
		{2BFF1F3F-D775-4E6E-A3C5-C8A39288F2A9}.Release|Any CPU.Build.0 = Release|Any CPU
		{9EB3E55D-4819-4613-9AD0-A86353FEC23E}.Debug|Any CPU.ActiveCfg = Debug|Any CPU
		{9EB3E55D-4819-4613-9AD0-A86353FEC23E}.Debug|Any CPU.Build.0 = Debug|Any CPU
		{9EB3E55D-4819-4613-9AD0-A86353FEC23E}.Release|Any CPU.ActiveCfg = Release|Any CPU
		{9EB3E55D-4819-4613-9AD0-A86353FEC23E}.Release|Any CPU.Build.0 = Release|Any CPU
		{35ED9967-19C7-4AF4-9E70-E5D87A0D6FFD}.Debug|Any CPU.ActiveCfg = Debug|Any CPU
		{35ED9967-19C7-4AF4-9E70-E5D87A0D6FFD}.Debug|Any CPU.Build.0 = Debug|Any CPU
		{35ED9967-19C7-4AF4-9E70-E5D87A0D6FFD}.Release|Any CPU.ActiveCfg = Release|Any CPU
		{35ED9967-19C7-4AF4-9E70-E5D87A0D6FFD}.Release|Any CPU.Build.0 = Release|Any CPU
		{F4F27362-91B1-4FAF-A4B0-1315B0AD3075}.Debug|Any CPU.ActiveCfg = Debug|Any CPU
		{F4F27362-91B1-4FAF-A4B0-1315B0AD3075}.Debug|Any CPU.Build.0 = Debug|Any CPU
		{F4F27362-91B1-4FAF-A4B0-1315B0AD3075}.Release|Any CPU.ActiveCfg = Release|Any CPU
		{F4F27362-91B1-4FAF-A4B0-1315B0AD3075}.Release|Any CPU.Build.0 = Release|Any CPU
		{5C6EF090-73F2-4BF2-B155-66BC5CFB43AA}.Debug|Any CPU.ActiveCfg = Debug|Any CPU
		{5C6EF090-73F2-4BF2-B155-66BC5CFB43AA}.Debug|Any CPU.Build.0 = Debug|Any CPU
		{5C6EF090-73F2-4BF2-B155-66BC5CFB43AA}.Release|Any CPU.ActiveCfg = Release|Any CPU
		{5C6EF090-73F2-4BF2-B155-66BC5CFB43AA}.Release|Any CPU.Build.0 = Release|Any CPU
	EndGlobalSection
	GlobalSection(SolutionProperties) = preSolution
		HideSolutionNode = FALSE
	EndGlobalSection
	GlobalSection(ExtensibilityGlobals) = postSolution
		SolutionGuid = {071390E4-CAA4-414C-ADAF-BDDBE05E5A16}
	EndGlobalSection
EndGlobal
